{
  "object": {
    "pins": [
      {
        "package": "Structure",
        "repositoryURL": "https://github.com/dn-m/Structure",
        "state": {
          "branch": "master",
          "revision": "7ff248ef8d5f622852b686a01a9473c1e46ff5e2",
          "version": null
        }
      }
    ]
  },
  "version": 1
}
